
Microsoft Visual Studio Solution File, Format Version 12.00
# Visual Studio Version 16
VisualStudioVersion = 16.0.30114.105
MinimumVisualStudioVersion = 10.0.40219.1
Project("{FAE04EC0-301F-11D3-BF4B-00C04F79EFBC}") = "oopdrills", "oopdrills\oopdrills.csproj", "{450593AE-BA88-4FC5-A1F5-DA8C3E6AC153}"
EndProject
Project("{FAE04EC0-301F-11D3-BF4B-00C04F79EFBC}") = "oopdrills_tests", "oopdrills_tests\oopdrills_tests.csproj", "{702894F0-3314-423B-8D6A-C377C5FF73F8}"
EndProject
Project("{FAE04EC0-301F-11D3-BF4B-00C04F79EFBC}") = "csharpdrills", "csharpdrills\csharpdrills.csproj", "{8D2D5854-8EBF-4BED-A54F-66EB3FFE81D4}"
EndProject
Project("{FAE04EC0-301F-11D3-BF4B-00C04F79EFBC}") = "csharpdrills_tests", "csharpdrills_tests\csharpdrills_tests.csproj", "{A58FCE91-796A-44AC-A036-2F8C2B0F7557}"
EndProject
Project("{FAE04EC0-301F-11D3-BF4B-00C04F79EFBC}") = "conditionals", "conditionals\conditionals.csproj", "{06076068-22FC-4738-AD30-41F60FB182BE}"
EndProject
Project("{FAE04EC0-301F-11D3-BF4B-00C04F79EFBC}") = "conditionals-tests", "conditionals-tests\conditionals-tests.csproj", "{710F295F-A7EA-4E43-A536-63BB3C01ECDF}"
EndProject
Global
	GlobalSection(SolutionConfigurationPlatforms) = preSolution
		Debug|Any CPU = Debug|Any CPU
		Release|Any CPU = Release|Any CPU
	EndGlobalSection
	GlobalSection(SolutionProperties) = preSolution
		HideSolutionNode = FALSE
	EndGlobalSection
	GlobalSection(ProjectConfigurationPlatforms) = postSolution
		{450593AE-BA88-4FC5-A1F5-DA8C3E6AC153}.Debug|Any CPU.ActiveCfg = Debug|Any CPU
		{450593AE-BA88-4FC5-A1F5-DA8C3E6AC153}.Debug|Any CPU.Build.0 = Debug|Any CPU
		{450593AE-BA88-4FC5-A1F5-DA8C3E6AC153}.Release|Any CPU.ActiveCfg = Release|Any CPU
		{450593AE-BA88-4FC5-A1F5-DA8C3E6AC153}.Release|Any CPU.Build.0 = Release|Any CPU
		{702894F0-3314-423B-8D6A-C377C5FF73F8}.Debug|Any CPU.ActiveCfg = Debug|Any CPU
		{702894F0-3314-423B-8D6A-C377C5FF73F8}.Debug|Any CPU.Build.0 = Debug|Any CPU
		{702894F0-3314-423B-8D6A-C377C5FF73F8}.Release|Any CPU.ActiveCfg = Release|Any CPU
		{702894F0-3314-423B-8D6A-C377C5FF73F8}.Release|Any CPU.Build.0 = Release|Any CPU
		{8D2D5854-8EBF-4BED-A54F-66EB3FFE81D4}.Debug|Any CPU.ActiveCfg = Debug|Any CPU
		{8D2D5854-8EBF-4BED-A54F-66EB3FFE81D4}.Debug|Any CPU.Build.0 = Debug|Any CPU
		{8D2D5854-8EBF-4BED-A54F-66EB3FFE81D4}.Release|Any CPU.ActiveCfg = Release|Any CPU
		{8D2D5854-8EBF-4BED-A54F-66EB3FFE81D4}.Release|Any CPU.Build.0 = Release|Any CPU
		{A58FCE91-796A-44AC-A036-2F8C2B0F7557}.Debug|Any CPU.ActiveCfg = Debug|Any CPU
		{A58FCE91-796A-44AC-A036-2F8C2B0F7557}.Debug|Any CPU.Build.0 = Debug|Any CPU
		{A58FCE91-796A-44AC-A036-2F8C2B0F7557}.Release|Any CPU.ActiveCfg = Release|Any CPU
		{A58FCE91-796A-44AC-A036-2F8C2B0F7557}.Release|Any CPU.Build.0 = Release|Any CPU
		{06076068-22FC-4738-AD30-41F60FB182BE}.Debug|Any CPU.ActiveCfg = Debug|Any CPU
		{06076068-22FC-4738-AD30-41F60FB182BE}.Debug|Any CPU.Build.0 = Debug|Any CPU
		{06076068-22FC-4738-AD30-41F60FB182BE}.Release|Any CPU.ActiveCfg = Release|Any CPU
		{06076068-22FC-4738-AD30-41F60FB182BE}.Release|Any CPU.Build.0 = Release|Any CPU
		{710F295F-A7EA-4E43-A536-63BB3C01ECDF}.Debug|Any CPU.ActiveCfg = Debug|Any CPU
		{710F295F-A7EA-4E43-A536-63BB3C01ECDF}.Debug|Any CPU.Build.0 = Debug|Any CPU
		{710F295F-A7EA-4E43-A536-63BB3C01ECDF}.Release|Any CPU.ActiveCfg = Release|Any CPU
		{710F295F-A7EA-4E43-A536-63BB3C01ECDF}.Release|Any CPU.Build.0 = Release|Any CPU
	EndGlobalSection
EndGlobal
